{
    "hash": "98020d96bc5ff054e5905afefc5c5684",
    "packages": [
        {
            "package": "esperance/esperance",
            "version": "v0.1.0"
        },
        {
            "package": "evenement/evenement",
            "version": "v1.0.0"
        }
    ],
    "packages-dev": null,
    "aliases": [

    ],
    "minimum-stability": "stable",
    "stability-flags": [

    ]
}
